
Microsoft Visual Studio Solution File, Format Version 12.00
# Visual Studio 15
VisualStudioVersion = 15.0.26403.3
MinimumVisualStudioVersion = 10.0.40219.1
Project("{FAE04EC0-301F-11D3-BF4B-00C04F79EFBC}") = "DOusuniecia", "DOusuniecia\DOusuniecia.csproj", "{952DAD7E-48C6-4B0B-8094-F941CB6D8E8A}"
EndProject
Global
	GlobalSection(SolutionConfigurationPlatforms) = preSolution
		Debug|Any CPU = Debug|Any CPU
		Release|Any CPU = Release|Any CPU
	EndGlobalSection
	GlobalSection(ProjectConfigurationPlatforms) = postSolution
		{952DAD7E-48C6-4B0B-8094-F941CB6D8E8A}.Debug|Any CPU.ActiveCfg = Debug|Any CPU
		{952DAD7E-48C6-4B0B-8094-F941CB6D8E8A}.Debug|Any CPU.Build.0 = Debug|Any CPU
		{952DAD7E-48C6-4B0B-8094-F941CB6D8E8A}.Release|Any CPU.ActiveCfg = Release|Any CPU
		{952DAD7E-48C6-4B0B-8094-F941CB6D8E8A}.Release|Any CPU.Build.0 = Release|Any CPU
	EndGlobalSection
	GlobalSection(SolutionProperties) = preSolution
		HideSolutionNode = FALSE
	EndGlobalSection
EndGlobal
